
Microsoft Visual Studio Solution File, Format Version 12.00
# Visual Studio Version 16
VisualStudioVersion = 16.0.29613.14
MinimumVisualStudioVersion = 10.0.40219.1
Project("{FAE04EC0-301F-11D3-BF4B-00C04F79EFBC}") = "RazorPageMovies", "RazorPageMovies\RazorPageMovies.csproj", "{65B3B632-95DD-44FB-A2F2-422F9C91ABB8}"
EndProject
Global
	GlobalSection(SolutionConfigurationPlatforms) = preSolution
		Debug|Any CPU = Debug|Any CPU
		Release|Any CPU = Release|Any CPU
	EndGlobalSection
	GlobalSection(ProjectConfigurationPlatforms) = postSolution
		{65B3B632-95DD-44FB-A2F2-422F9C91ABB8}.Debug|Any CPU.ActiveCfg = Debug|Any CPU
		{65B3B632-95DD-44FB-A2F2-422F9C91ABB8}.Debug|Any CPU.Build.0 = Debug|Any CPU
		{65B3B632-95DD-44FB-A2F2-422F9C91ABB8}.Release|Any CPU.ActiveCfg = Release|Any CPU
		{65B3B632-95DD-44FB-A2F2-422F9C91ABB8}.Release|Any CPU.Build.0 = Release|Any CPU
	EndGlobalSection
	GlobalSection(SolutionProperties) = preSolution
		HideSolutionNode = FALSE
	EndGlobalSection
	GlobalSection(ExtensibilityGlobals) = postSolution
		SolutionGuid = {7C008D6F-1BDB-4B84-A41D-D62B24BC639C}
	EndGlobalSection
EndGlobal
